
Microsoft Visual Studio Solution File, Format Version 12.00
# Visual Studio Version 17
VisualStudioVersion = 17.2.32526.322
MinimumVisualStudioVersion = 10.0.40219.1
Project("{FAE04EC0-301F-11D3-BF4B-00C04F79EFBC}") = "MyFirstAPI", "MyFirstAPI\MyFirstAPI.csproj", "{92203A84-A0EF-4EB1-B2A0-98C63E0F73B3}"
EndProject
Global
	GlobalSection(SolutionConfigurationPlatforms) = preSolution
		Debug|Any CPU = Debug|Any CPU
		Release|Any CPU = Release|Any CPU
	EndGlobalSection
	GlobalSection(ProjectConfigurationPlatforms) = postSolution
		{92203A84-A0EF-4EB1-B2A0-98C63E0F73B3}.Debug|Any CPU.ActiveCfg = Debug|Any CPU
		{92203A84-A0EF-4EB1-B2A0-98C63E0F73B3}.Debug|Any CPU.Build.0 = Debug|Any CPU
		{92203A84-A0EF-4EB1-B2A0-98C63E0F73B3}.Release|Any CPU.ActiveCfg = Release|Any CPU
		{92203A84-A0EF-4EB1-B2A0-98C63E0F73B3}.Release|Any CPU.Build.0 = Release|Any CPU
	EndGlobalSection
	GlobalSection(SolutionProperties) = preSolution
		HideSolutionNode = FALSE
	EndGlobalSection
	GlobalSection(ExtensibilityGlobals) = postSolution
		SolutionGuid = {8340DE48-3FFE-4505-97C2-AA3FEA2B1880}
	EndGlobalSection
EndGlobal
